// !$*UTF8*$!
{
	archiveVersion = 1;
	classes = {
	};
	objectVersion = 46;
	objects = {

/* Begin PBXBuildFile section */
		28AA3E811BFFD30100681F06 /* JSONProcessing.swift in Sources */ = {isa = PBXBuildFile; fileRef = 28AA3E801BFFD30100681F06 /* JSONProcessing.swift */; };
		28AA3E841BFFDE8C00681F06 /* FoundationExtensions.swift in Sources */ = {isa = PBXBuildFile; fileRef = 28AA3E831BFFDE8C00681F06 /* FoundationExtensions.swift */; };
		28AADD131BFE5D9500DE19DE /* AppDelegate.swift in Sources */ = {isa = PBXBuildFile; fileRef = 28AADD121BFE5D9500DE19DE /* AppDelegate.swift */; };
		28AADD151BFE5D9500DE19DE /* MasterViewController.swift in Sources */ = {isa = PBXBuildFile; fileRef = 28AADD141BFE5D9500DE19DE /* MasterViewController.swift */; };
		28AADD171BFE5D9500DE19DE /* DetailViewController.swift in Sources */ = {isa = PBXBuildFile; fileRef = 28AADD161BFE5D9500DE19DE /* DetailViewController.swift */; };
		28AADD1C1BFE5D9500DE19DE /* Assets.xcassets in Resources */ = {isa = PBXBuildFile; fileRef = 28AADD1B1BFE5D9500DE19DE /* Assets.xcassets */; };
		28AADD1F1BFE5D9500DE19DE /* LaunchScreen.storyboard in Resources */ = {isa = PBXBuildFile; fileRef = 28AADD1D1BFE5D9500DE19DE /* LaunchScreen.storyboard */; };
		28AADD2A1BFE5D9500DE19DE /* StarWarsVIITests.swift in Sources */ = {isa = PBXBuildFile; fileRef = 28AADD291BFE5D9500DE19DE /* StarWarsVIITests.swift */; };
		28AADD371BFE60E600DE19DE /* StarWarsCharacter.swift in Sources */ = {isa = PBXBuildFile; fileRef = 28AADD361BFE60E600DE19DE /* StarWarsCharacter.swift */; };
		28AADD3A1BFE7CDE00DE19DE /* Affiliations.swift in Sources */ = {isa = PBXBuildFile; fileRef = 28AADD391BFE7CDE00DE19DE /* Affiliations.swift */; };
		28AADD3C1BFE89A900DE19DE /* ForceSensitive.swift in Sources */ = {isa = PBXBuildFile; fileRef = 28AADD3B1BFE89A900DE19DE /* ForceSensitive.swift */; };
		28AADD5C1BFE90E400DE19DE /* c3po.caf in Resources */ = {isa = PBXBuildFile; fileRef = 28AADD3E1BFE90E400DE19DE /* c3po.caf */; };
		28AADD5D1BFE90E400DE19DE /* c3po.jpg in Resources */ = {isa = PBXBuildFile; fileRef = 28AADD3F1BFE90E400DE19DE /* c3po.jpg */; };
		28AADD5E1BFE90E400DE19DE /* chewie.caf in Resources */ = {isa = PBXBuildFile; fileRef = 28AADD401BFE90E400DE19DE /* chewie.caf */; };
		28AADD5F1BFE90E400DE19DE /* chewie.jpg in Resources */ = {isa = PBXBuildFile; fileRef = 28AADD411BFE90E400DE19DE /* chewie.jpg */; };
		28AADD601BFE90E400DE19DE /* forceSensitives.json in Resources */ = {isa = PBXBuildFile; fileRef = 28AADD421BFE90E400DE19DE /* forceSensitives.json */; };
		28AADD611BFE90E400DE19DE /* greedo.caf in Resources */ = {isa = PBXBuildFile; fileRef = 28AADD431BFE90E400DE19DE /* greedo.caf */; };
		28AADD621BFE90E400DE19DE /* greedo.jpg in Resources */ = {isa = PBXBuildFile; fileRef = 28AADD441BFE90E400DE19DE /* greedo.jpg */; };
		28AADD631BFE90E400DE19DE /* jabba.caf in Resources */ = {isa = PBXBuildFile; fileRef = 28AADD451BFE90E400DE19DE /* jabba.caf */; };
		28AADD641BFE90E400DE19DE /* jabba.jpg in Resources */ = {isa = PBXBuildFile; fileRef = 28AADD461BFE90E400DE19DE /* jabba.jpg */; };
		28AADD651BFE90E400DE19DE /* kylo.caf in Resources */ = {isa = PBXBuildFile; fileRef = 28AADD471BFE90E400DE19DE /* kylo.caf */; };
		28AADD661BFE90E400DE19DE /* kylo.jpg in Resources */ = {isa = PBXBuildFile; fileRef = 28AADD481BFE90E400DE19DE /* kylo.jpg */; };
		28AADD671BFE90E400DE19DE /* leia.caf in Resources */ = {isa = PBXBuildFile; fileRef = 28AADD491BFE90E400DE19DE /* leia.caf */; };
		28AADD681BFE90E400DE19DE /* leia.jpg in Resources */ = {isa = PBXBuildFile; fileRef = 28AADD4A1BFE90E400DE19DE /* leia.jpg */; };
		28AADD691BFE90E400DE19DE /* luke.caf in Resources */ = {isa = PBXBuildFile; fileRef = 28AADD4B1BFE90E400DE19DE /* luke.caf */; };
		28AADD6A1BFE90E400DE19DE /* luke.jpg in Resources */ = {isa = PBXBuildFile; fileRef = 28AADD4C1BFE90E400DE19DE /* luke.jpg */; };
		28AADD6B1BFE90E400DE19DE /* motti.caf in Resources */ = {isa = PBXBuildFile; fileRef = 28AADD4D1BFE90E400DE19DE /* motti.caf */; };
		28AADD6C1BFE90E400DE19DE /* motti.jpg in Resources */ = {isa = PBXBuildFile; fileRef = 28AADD4E1BFE90E400DE19DE /* motti.jpg */; };
		28AADD6D1BFE90E400DE19DE /* obiwan.caf in Resources */ = {isa = PBXBuildFile; fileRef = 28AADD4F1BFE90E400DE19DE /* obiwan.caf */; };
		28AADD6E1BFE90E400DE19DE /* obiwan.jpg in Resources */ = {isa = PBXBuildFile; fileRef = 28AADD501BFE90E400DE19DE /* obiwan.jpg */; };
		28AADD6F1BFE90E400DE19DE /* palpatine.caf in Resources */ = {isa = PBXBuildFile; fileRef = 28AADD511BFE90E400DE19DE /* palpatine.caf */; };
		28AADD701BFE90E400DE19DE /* palpatine.jpg in Resources */ = {isa = PBXBuildFile; fileRef = 28AADD521BFE90E400DE19DE /* palpatine.jpg */; };
		28AADD711BFE90E400DE19DE /* r2-d2.caf in Resources */ = {isa = PBXBuildFile; fileRef = 28AADD531BFE90E400DE19DE /* r2-d2.caf */; };
		28AADD721BFE90E400DE19DE /* r2-d2.jpg in Resources */ = {isa = PBXBuildFile; fileRef = 28AADD541BFE90E400DE19DE /* r2-d2.jpg */; };
		28AADD731BFE90E400DE19DE /* regularCharacters.json in Resources */ = {isa = PBXBuildFile; fileRef = 28AADD551BFE90E400DE19DE /* regularCharacters.json */; };
		28AADD741BFE90E400DE19DE /* tarkin.caf in Resources */ = {isa = PBXBuildFile; fileRef = 28AADD561BFE90E400DE19DE /* tarkin.caf */; };
		28AADD751BFE90E400DE19DE /* tarkin.jpg in Resources */ = {isa = PBXBuildFile; fileRef = 28AADD571BFE90E400DE19DE /* tarkin.jpg */; };
		28AADD761BFE90E400DE19DE /* vader.caf in Resources */ = {isa = PBXBuildFile; fileRef = 28AADD581BFE90E400DE19DE /* vader.caf */; };
		28AADD771BFE90E400DE19DE /* vader.jpg in Resources */ = {isa = PBXBuildFile; fileRef = 28AADD591BFE90E400DE19DE /* vader.jpg */; };
		28AADD781BFE90E400DE19DE /* yoda.caf in Resources */ = {isa = PBXBuildFile; fileRef = 28AADD5A1BFE90E400DE19DE /* yoda.caf */; };
		28AADD791BFE90E400DE19DE /* yoda.jpg in Resources */ = {isa = PBXBuildFile; fileRef = 28AADD5B1BFE90E400DE19DE /* yoda.jpg */; };
		28B013CF1C04FC5C0029D898 /* StarWarsUniverse.swift in Sources */ = {isa = PBXBuildFile; fileRef = 28B013CE1C04FC5C0029D898 /* StarWarsUniverse.swift */; };
		28F47FAA1C07A53C003A3C65 /* StarWarsUniverseViewController.swift in Sources */ = {isa = PBXBuildFile; fileRef = 28F47FA91C07A53C003A3C65 /* StarWarsUniverseViewController.swift */; };
		28F47FAD1C07A5CC003A3C65 /* EpisodeVII.storyboard in Resources */ = {isa = PBXBuildFile; fileRef = 28F47FAC1C07A5CC003A3C65 /* EpisodeVII.storyboard */; };
/* End PBXBuildFile section */

/* Begin PBXContainerItemProxy section */
		28AADD261BFE5D9500DE19DE /* PBXContainerItemProxy */ = {
			isa = PBXContainerItemProxy;
			containerPortal = 28AADD071BFE5D9500DE19DE /* Project object */;
			proxyType = 1;
			remoteGlobalIDString = 28AADD0E1BFE5D9500DE19DE;
			remoteInfo = StarWarsVII;
		};
/* End PBXContainerItemProxy section */

/* Begin PBXFileReference section */
		28AA3E801BFFD30100681F06 /* JSONProcessing.swift */ = {isa = PBXFileReference; fileEncoding = 4; lastKnownFileType = sourcecode.swift; path = JSONProcessing.swift; sourceTree = "<group>"; };
		28AA3E831BFFDE8C00681F06 /* FoundationExtensions.swift */ = {isa = PBXFileReference; fileEncoding = 4; lastKnownFileType = sourcecode.swift; path = FoundationExtensions.swift; sourceTree = "<group>"; };
		28AADD0F1BFE5D9500DE19DE /* StarWarsVII.app */ = {isa = PBXFileReference; explicitFileType = wrapper.application; includeInIndex = 0; path = StarWarsVII.app; sourceTree = BUILT_PRODUCTS_DIR; };
		28AADD121BFE5D9500DE19DE /* AppDelegate.swift */ = {isa = PBXFileReference; lastKnownFileType = sourcecode.swift; path = AppDelegate.swift; sourceTree = "<group>"; };
		28AADD141BFE5D9500DE19DE /* MasterViewController.swift */ = {isa = PBXFileReference; lastKnownFileType = sourcecode.swift; path = MasterViewController.swift; sourceTree = "<group>"; };
		28AADD161BFE5D9500DE19DE /* DetailViewController.swift */ = {isa = PBXFileReference; lastKnownFileType = sourcecode.swift; path = DetailViewController.swift; sourceTree = "<group>"; };
		28AADD1B1BFE5D9500DE19DE /* Assets.xcassets */ = {isa = PBXFileReference; lastKnownFileType = folder.assetcatalog; path = Assets.xcassets; sourceTree = "<group>"; };
		28AADD1E1BFE5D9500DE19DE /* Base */ = {isa = PBXFileReference; lastKnownFileType = file.storyboard; name = Base; path = Base.lproj/LaunchScreen.storyboard; sourceTree = "<group>"; };
		28AADD201BFE5D9500DE19DE /* Info.plist */ = {isa = PBXFileReference; lastKnownFileType = text.plist.xml; path = Info.plist; sourceTree = "<group>"; };
		28AADD251BFE5D9500DE19DE /* StarWarsVIITests.xctest */ = {isa = PBXFileReference; explicitFileType = wrapper.cfbundle; includeInIndex = 0; path = StarWarsVIITests.xctest; sourceTree = BUILT_PRODUCTS_DIR; };
		28AADD291BFE5D9500DE19DE /* StarWarsVIITests.swift */ = {isa = PBXFileReference; lastKnownFileType = sourcecode.swift; path = StarWarsVIITests.swift; sourceTree = "<group>"; };
		28AADD2B1BFE5D9500DE19DE /* Info.plist */ = {isa = PBXFileReference; lastKnownFileType = text.plist.xml; path = Info.plist; sourceTree = "<group>"; };
		28AADD361BFE60E600DE19DE /* StarWarsCharacter.swift */ = {isa = PBXFileReference; fileEncoding = 4; lastKnownFileType = sourcecode.swift; path = StarWarsCharacter.swift; sourceTree = "<group>"; };
		28AADD381BFE65BA00DE19DE /* Misc.playground */ = {isa = PBXFileReference; lastKnownFileType = file.playground; path = Misc.playground; sourceTree = "<group>"; };
		28AADD391BFE7CDE00DE19DE /* Affiliations.swift */ = {isa = PBXFileReference; fileEncoding = 4; lastKnownFileType = sourcecode.swift; path = Affiliations.swift; sourceTree = "<group>"; };
		28AADD3B1BFE89A900DE19DE /* ForceSensitive.swift */ = {isa = PBXFileReference; fileEncoding = 4; lastKnownFileType = sourcecode.swift; path = ForceSensitive.swift; sourceTree = "<group>"; };
		28AADD3E1BFE90E400DE19DE /* c3po.caf */ = {isa = PBXFileReference; lastKnownFileType = file; path = c3po.caf; sourceTree = "<group>"; };
		28AADD3F1BFE90E400DE19DE /* c3po.jpg */ = {isa = PBXFileReference; lastKnownFileType = image.jpeg; path = c3po.jpg; sourceTree = "<group>"; };
		28AADD401BFE90E400DE19DE /* chewie.caf */ = {isa = PBXFileReference; lastKnownFileType = file; path = chewie.caf; sourceTree = "<group>"; };
		28AADD411BFE90E400DE19DE /* chewie.jpg */ = {isa = PBXFileReference; lastKnownFileType = image.jpeg; path = chewie.jpg; sourceTree = "<group>"; };
		28AADD421BFE90E400DE19DE /* forceSensitives.json */ = {isa = PBXFileReference; fileEncoding = 4; lastKnownFileType = text.json; path = forceSensitives.json; sourceTree = "<group>"; };
		28AADD431BFE90E400DE19DE /* greedo.caf */ = {isa = PBXFileReference; lastKnownFileType = file; path = greedo.caf; sourceTree = "<group>"; };
		28AADD441BFE90E400DE19DE /* greedo.jpg */ = {isa = PBXFileReference; lastKnownFileType = image.jpeg; path = greedo.jpg; sourceTree = "<group>"; };
		28AADD451BFE90E400DE19DE /* jabba.caf */ = {isa = PBXFileReference; lastKnownFileType = file; path = jabba.caf; sourceTree = "<group>"; };
		28AADD461BFE90E400DE19DE /* jabba.jpg */ = {isa = PBXFileReference; lastKnownFileType = image.jpeg; path = jabba.jpg; sourceTree = "<group>"; };
		28AADD471BFE90E400DE19DE /* kylo.caf */ = {isa = PBXFileReference; lastKnownFileType = file; path = kylo.caf; sourceTree = "<group>"; };
		28AADD481BFE90E400DE19DE /* kylo.jpg */ = {isa = PBXFileReference; lastKnownFileType = image.jpeg; path = kylo.jpg; sourceTree = "<group>"; };
		28AADD491BFE90E400DE19DE /* leia.caf */ = {isa = PBXFileReference; lastKnownFileType = file; path = leia.caf; sourceTree = "<group>"; };
		28AADD4A1BFE90E400DE19DE /* leia.jpg */ = {isa = PBXFileReference; lastKnownFileType = image.jpeg; path = leia.jpg; sourceTree = "<group>"; };
		28AADD4B1BFE90E400DE19DE /* luke.caf */ = {isa = PBXFileReference; lastKnownFileType = file; path = luke.caf; sourceTree = "<group>"; };
		28AADD4C1BFE90E400DE19DE /* luke.jpg */ = {isa = PBXFileReference; lastKnownFileType = image.jpeg; path = luke.jpg; sourceTree = "<group>"; };
		28AADD4D1BFE90E400DE19DE /* motti.caf */ = {isa = PBXFileReference; lastKnownFileType = file; path = motti.caf; sourceTree = "<group>"; };
		28AADD4E1BFE90E400DE19DE /* motti.jpg */ = {isa = PBXFileReference; lastKnownFileType = image.jpeg; path = motti.jpg; sourceTree = "<group>"; };
		28AADD4F1BFE90E400DE19DE /* obiwan.caf */ = {isa = PBXFileReference; lastKnownFileType = file; path = obiwan.caf; sourceTree = "<group>"; };
		28AADD501BFE90E400DE19DE /* obiwan.jpg */ = {isa = PBXFileReference; lastKnownFileType = image.jpeg; path = obiwan.jpg; sourceTree = "<group>"; };
		28AADD511BFE90E400DE19DE /* palpatine.caf */ = {isa = PBXFileReference; lastKnownFileType = file; path = palpatine.caf; sourceTree = "<group>"; };
		28AADD521BFE90E400DE19DE /* palpatine.jpg */ = {isa = PBXFileReference; lastKnownFileType = image.jpeg; path = palpatine.jpg; sourceTree = "<group>"; };
		28AADD531BFE90E400DE19DE /* r2-d2.caf */ = {isa = PBXFileReference; lastKnownFileType = file; path = "r2-d2.caf"; sourceTree = "<group>"; };
		28AADD541BFE90E400DE19DE /* r2-d2.jpg */ = {isa = PBXFileReference; lastKnownFileType = image.jpeg; path = "r2-d2.jpg"; sourceTree = "<group>"; };
		28AADD551BFE90E400DE19DE /* regularCharacters.json */ = {isa = PBXFileReference; fileEncoding = 4; lastKnownFileType = text.json; path = regularCharacters.json; sourceTree = "<group>"; };
		28AADD561BFE90E400DE19DE /* tarkin.caf */ = {isa = PBXFileReference; lastKnownFileType = file; path = tarkin.caf; sourceTree = "<group>"; };
		28AADD571BFE90E400DE19DE /* tarkin.jpg */ = {isa = PBXFileReference; lastKnownFileType = image.jpeg; path = tarkin.jpg; sourceTree = "<group>"; };
		28AADD581BFE90E400DE19DE /* vader.caf */ = {isa = PBXFileReference; lastKnownFileType = file; path = vader.caf; sourceTree = "<group>"; };
		28AADD591BFE90E400DE19DE /* vader.jpg */ = {isa = PBXFileReference; lastKnownFileType = image.jpeg; path = vader.jpg; sourceTree = "<group>"; };
		28AADD5A1BFE90E400DE19DE /* yoda.caf */ = {isa = PBXFileReference; lastKnownFileType = file; path = yoda.caf; sourceTree = "<group>"; };
		28AADD5B1BFE90E400DE19DE /* yoda.jpg */ = {isa = PBXFileReference; lastKnownFileType = image.jpeg; path = yoda.jpg; sourceTree = "<group>"; };
		28B013CE1C04FC5C0029D898 /* StarWarsUniverse.swift */ = {isa = PBXFileReference; fileEncoding = 4; lastKnownFileType = sourcecode.swift; path = StarWarsUniverse.swift; sourceTree = "<group>"; };
		28B013D21C05291F0029D898 /* deberes */ = {isa = PBXFileReference; lastKnownFileType = text; path = deberes; sourceTree = "<group>"; };
		28F47FA91C07A53C003A3C65 /* StarWarsUniverseViewController.swift */ = {isa = PBXFileReference; fileEncoding = 4; lastKnownFileType = sourcecode.swift; path = StarWarsUniverseViewController.swift; sourceTree = "<group>"; };
		28F47FAC1C07A5CC003A3C65 /* EpisodeVII.storyboard */ = {isa = PBXFileReference; fileEncoding = 4; lastKnownFileType = file.storyboard; path = EpisodeVII.storyboard; sourceTree = "<group>"; };
/* End PBXFileReference section */

/* Begin PBXFrameworksBuildPhase section */
		28AADD0C1BFE5D9500DE19DE /* Frameworks */ = {
			isa = PBXFrameworksBuildPhase;
			buildActionMask = 2147483647;
			files = (
			);
			runOnlyForDeploymentPostprocessing = 0;
		};
		28AADD221BFE5D9500DE19DE /* Frameworks */ = {
			isa = PBXFrameworksBuildPhase;
			buildActionMask = 2147483647;
			files = (
			);
			runOnlyForDeploymentPostprocessing = 0;
		};
/* End PBXFrameworksBuildPhase section */

/* Begin PBXGroup section */
		28AA3E821BFFDE2A00681F06 /* Fraimwork */ = {
			isa = PBXGroup;
			children = (
				28AA3E831BFFDE8C00681F06 /* FoundationExtensions.swift */,
			);
			name = Fraimwork;
			sourceTree = "<group>";
		};
		28AADD061BFE5D9500DE19DE = {
			isa = PBXGroup;
			children = (
				28B013D21C05291F0029D898 /* deberes */,
				28AADD111BFE5D9500DE19DE /* StarWarsVII */,
				28AADD281BFE5D9500DE19DE /* StarWarsVIITests */,
				28AADD101BFE5D9500DE19DE /* Products */,
			);
			sourceTree = "<group>";
		};
		28AADD101BFE5D9500DE19DE /* Products */ = {
			isa = PBXGroup;
			children = (
				28AADD0F1BFE5D9500DE19DE /* StarWarsVII.app */,
				28AADD251BFE5D9500DE19DE /* StarWarsVIITests.xctest */,
			);
			name = Products;
			sourceTree = "<group>";
		};
		28AADD111BFE5D9500DE19DE /* StarWarsVII */ = {
			isa = PBXGroup;
			children = (
				28AA3E821BFFDE2A00681F06 /* Fraimwork */,
				28AADD341BFE5E7800DE19DE /* App */,
				28AADD381BFE65BA00DE19DE /* Misc.playground */,
			);
			path = StarWarsVII;
			sourceTree = "<group>";
		};
		28AADD281BFE5D9500DE19DE /* StarWarsVIITests */ = {
			isa = PBXGroup;
			children = (
				28AADD291BFE5D9500DE19DE /* StarWarsVIITests.swift */,
				28AADD2B1BFE5D9500DE19DE /* Info.plist */,
			);
			path = StarWarsVIITests;
			sourceTree = "<group>";
		};
		28AADD341BFE5E7800DE19DE /* App */ = {
			isa = PBXGroup;
			children = (
				28F47FAB1C07A5A5003A3C65 /* StoryBoards */,
				28F47FA81C07A4E3003A3C65 /* Controllers */,
				28AADD3D1BFE909000DE19DE /* Resources */,
				28AADD351BFE609800DE19DE /* Models */,
				28AADD121BFE5D9500DE19DE /* AppDelegate.swift */,
				28AADD141BFE5D9500DE19DE /* MasterViewController.swift */,
				28AADD161BFE5D9500DE19DE /* DetailViewController.swift */,
				28AADD1B1BFE5D9500DE19DE /* Assets.xcassets */,
				28AADD201BFE5D9500DE19DE /* Info.plist */,
			);
			name = App;
			sourceTree = "<group>";
		};
		28AADD351BFE609800DE19DE /* Models */ = {
			isa = PBXGroup;
			children = (
				28AADD361BFE60E600DE19DE /* StarWarsCharacter.swift */,
				28AADD391BFE7CDE00DE19DE /* Affiliations.swift */,
				28AADD3B1BFE89A900DE19DE /* ForceSensitive.swift */,
				28AA3E801BFFD30100681F06 /* JSONProcessing.swift */,
				28B013CE1C04FC5C0029D898 /* StarWarsUniverse.swift */,
			);
			name = Models;
			sourceTree = "<group>";
		};
		28AADD3D1BFE909000DE19DE /* Resources */ = {
			isa = PBXGroup;
			children = (
				28AADD3E1BFE90E400DE19DE /* c3po.caf */,
				28AADD3F1BFE90E400DE19DE /* c3po.jpg */,
				28AADD401BFE90E400DE19DE /* chewie.caf */,
				28AADD411BFE90E400DE19DE /* chewie.jpg */,
				28AADD421BFE90E400DE19DE /* forceSensitives.json */,
				28AADD431BFE90E400DE19DE /* greedo.caf */,
				28AADD441BFE90E400DE19DE /* greedo.jpg */,
				28AADD451BFE90E400DE19DE /* jabba.caf */,
				28AADD461BFE90E400DE19DE /* jabba.jpg */,
				28AADD471BFE90E400DE19DE /* kylo.caf */,
				28AADD481BFE90E400DE19DE /* kylo.jpg */,
				28AADD491BFE90E400DE19DE /* leia.caf */,
				28AADD4A1BFE90E400DE19DE /* leia.jpg */,
				28AADD4B1BFE90E400DE19DE /* luke.caf */,
				28AADD4C1BFE90E400DE19DE /* luke.jpg */,
				28AADD4D1BFE90E400DE19DE /* motti.caf */,
				28AADD4E1BFE90E400DE19DE /* motti.jpg */,
				28AADD4F1BFE90E400DE19DE /* obiwan.caf */,
				28AADD501BFE90E400DE19DE /* obiwan.jpg */,
				28AADD511BFE90E400DE19DE /* palpatine.caf */,
				28AADD521BFE90E400DE19DE /* palpatine.jpg */,
				28AADD531BFE90E400DE19DE /* r2-d2.caf */,
				28AADD541BFE90E400DE19DE /* r2-d2.jpg */,
				28AADD551BFE90E400DE19DE /* regularCharacters.json */,
				28AADD561BFE90E400DE19DE /* tarkin.caf */,
				28AADD571BFE90E400DE19DE /* tarkin.jpg */,
				28AADD581BFE90E400DE19DE /* vader.caf */,
				28AADD591BFE90E400DE19DE /* vader.jpg */,
				28AADD5A1BFE90E400DE19DE /* yoda.caf */,
				28AADD5B1BFE90E400DE19DE /* yoda.jpg */,
			);
			name = Resources;
			sourceTree = "<group>";
		};
		28F47FA81C07A4E3003A3C65 /* Controllers */ = {
			isa = PBXGroup;
			children = (
				28F47FA91C07A53C003A3C65 /* StarWarsUniverseViewController.swift */,
			);
			name = Controllers;
			sourceTree = "<group>";
		};
		28F47FAB1C07A5A5003A3C65 /* StoryBoards */ = {
			isa = PBXGroup;
			children = (
				28AADD1D1BFE5D9500DE19DE /* LaunchScreen.storyboard */,
				28F47FAC1C07A5CC003A3C65 /* EpisodeVII.storyboard */,
			);
			name = StoryBoards;
			sourceTree = "<group>";
		};
/* End PBXGroup section */

/* Begin PBXNativeTarget section */
		28AADD0E1BFE5D9500DE19DE /* StarWarsVII */ = {
			isa = PBXNativeTarget;
			buildConfigurationList = 28AADD2E1BFE5D9500DE19DE /* Build configuration list for PBXNativeTarget "StarWarsVII" */;
			buildPhases = (
				28AADD0B1BFE5D9500DE19DE /* Sources */,
				28AADD0C1BFE5D9500DE19DE /* Frameworks */,
				28AADD0D1BFE5D9500DE19DE /* Resources */,
			);
			buildRules = (
			);
			dependencies = (
			);
			name = StarWarsVII;
			productName = StarWarsVII;
			productReference = 28AADD0F1BFE5D9500DE19DE /* StarWarsVII.app */;
			productType = "com.apple.product-type.application";
		};
		28AADD241BFE5D9500DE19DE /* StarWarsVIITests */ = {
			isa = PBXNativeTarget;
			buildConfigurationList = 28AADD311BFE5D9500DE19DE /* Build configuration list for PBXNativeTarget "StarWarsVIITests" */;
			buildPhases = (
				28AADD211BFE5D9500DE19DE /* Sources */,
				28AADD221BFE5D9500DE19DE /* Frameworks */,
				28AADD231BFE5D9500DE19DE /* Resources */,
			);
			buildRules = (
			);
			dependencies = (
				28AADD271BFE5D9500DE19DE /* PBXTargetDependency */,
			);
			name = StarWarsVIITests;
			productName = StarWarsVIITests;
			productReference = 28AADD251BFE5D9500DE19DE /* StarWarsVIITests.xctest */;
			productType = "com.apple.product-type.bundle.unit-test";
		};
/* End PBXNativeTarget section */

/* Begin PBXProject section */
		28AADD071BFE5D9500DE19DE /* Project object */ = {
			isa = PBXProject;
			attributes = {
				LastSwiftUpdateCheck = 0710;
				LastUpgradeCheck = 0710;
				ORGANIZATIONNAME = "Ramiro García Salazar";
				TargetAttributes = {
					28AADD0E1BFE5D9500DE19DE = {
						CreatedOnToolsVersion = 7.1.1;
					};
					28AADD241BFE5D9500DE19DE = {
						CreatedOnToolsVersion = 7.1.1;
						TestTargetID = 28AADD0E1BFE5D9500DE19DE;
					};
				};
			};
			buildConfigurationList = 28AADD0A1BFE5D9500DE19DE /* Build configuration list for PBXProject "StarWarsVII" */;
			compatibilityVersion = "Xcode 3.2";
			developmentRegion = English;
			hasScannedForEncodings = 0;
			knownRegions = (
				en,
				Base,
			);
			mainGroup = 28AADD061BFE5D9500DE19DE;
			productRefGroup = 28AADD101BFE5D9500DE19DE /* Products */;
			projectDirPath = "";
			projectRoot = "";
			targets = (
				28AADD0E1BFE5D9500DE19DE /* StarWarsVII */,
				28AADD241BFE5D9500DE19DE /* StarWarsVIITests */,
			);
		};
/* End PBXProject section */

/* Begin PBXResourcesBuildPhase section */
		28AADD0D1BFE5D9500DE19DE /* Resources */ = {
			isa = PBXResourcesBuildPhase;
			buildActionMask = 2147483647;
			files = (
				28AADD771BFE90E400DE19DE /* vader.jpg in Resources */,
				28AADD791BFE90E400DE19DE /* yoda.jpg in Resources */,
				28AADD641BFE90E400DE19DE /* jabba.jpg in Resources */,
				28AADD601BFE90E400DE19DE /* forceSensitives.json in Resources */,
				28AADD701BFE90E400DE19DE /* palpatine.jpg in Resources */,
				28AADD741BFE90E400DE19DE /* tarkin.caf in Resources */,
				28AADD681BFE90E400DE19DE /* leia.jpg in Resources */,
				28AADD6B1BFE90E400DE19DE /* motti.caf in Resources */,
				28AADD721BFE90E400DE19DE /* r2-d2.jpg in Resources */,
				28AADD751BFE90E400DE19DE /* tarkin.jpg in Resources */,
				28AADD661BFE90E400DE19DE /* kylo.jpg in Resources */,
				28AADD6A1BFE90E400DE19DE /* luke.jpg in Resources */,
				28AADD671BFE90E400DE19DE /* leia.caf in Resources */,
				28AADD631BFE90E400DE19DE /* jabba.caf in Resources */,
				28AADD781BFE90E400DE19DE /* yoda.caf in Resources */,
				28AADD1F1BFE5D9500DE19DE /* LaunchScreen.storyboard in Resources */,
				28AADD6D1BFE90E400DE19DE /* obiwan.caf in Resources */,
				28AADD5D1BFE90E400DE19DE /* c3po.jpg in Resources */,
				28AADD6E1BFE90E400DE19DE /* obiwan.jpg in Resources */,
				28AADD5C1BFE90E400DE19DE /* c3po.caf in Resources */,
				28AADD651BFE90E400DE19DE /* kylo.caf in Resources */,
				28AADD731BFE90E400DE19DE /* regularCharacters.json in Resources */,
				28AADD6F1BFE90E400DE19DE /* palpatine.caf in Resources */,
				28AADD5E1BFE90E400DE19DE /* chewie.caf in Resources */,
				28AADD711BFE90E400DE19DE /* r2-d2.caf in Resources */,
				28AADD6C1BFE90E400DE19DE /* motti.jpg in Resources */,
				28F47FAD1C07A5CC003A3C65 /* EpisodeVII.storyboard in Resources */,
				28AADD621BFE90E400DE19DE /* greedo.jpg in Resources */,
				28AADD611BFE90E400DE19DE /* greedo.caf in Resources */,
				28AADD761BFE90E400DE19DE /* vader.caf in Resources */,
				28AADD5F1BFE90E400DE19DE /* chewie.jpg in Resources */,
				28AADD691BFE90E400DE19DE /* luke.caf in Resources */,
				28AADD1C1BFE5D9500DE19DE /* Assets.xcassets in Resources */,
			);
			runOnlyForDeploymentPostprocessing = 0;
		};
		28AADD231BFE5D9500DE19DE /* Resources */ = {
			isa = PBXResourcesBuildPhase;
			buildActionMask = 2147483647;
			files = (
			);
			runOnlyForDeploymentPostprocessing = 0;
		};
/* End PBXResourcesBuildPhase section */

/* Begin PBXSourcesBuildPhase section */
		28AADD0B1BFE5D9500DE19DE /* Sources */ = {
			isa = PBXSourcesBuildPhase;
			buildActionMask = 2147483647;
			files = (
				28AADD171BFE5D9500DE19DE /* DetailViewController.swift in Sources */,
				28AADD151BFE5D9500DE19DE /* MasterViewController.swift in Sources */,
				28AADD371BFE60E600DE19DE /* StarWarsCharacter.swift in Sources */,
				28AADD3A1BFE7CDE00DE19DE /* Affiliations.swift in Sources */,
				28AA3E841BFFDE8C00681F06 /* FoundationExtensions.swift in Sources */,
				28AADD3C1BFE89A900DE19DE /* ForceSensitive.swift in Sources */,
				28F47FAA1C07A53C003A3C65 /* StarWarsUniverseViewController.swift in Sources */,
				28AA3E811BFFD30100681F06 /* JSONProcessing.swift in Sources */,
				28B013CF1C04FC5C0029D898 /* StarWarsUniverse.swift in Sources */,
				28AADD131BFE5D9500DE19DE /* AppDelegate.swift in Sources */,
			);
			runOnlyForDeploymentPostprocessing = 0;
		};
		28AADD211BFE5D9500DE19DE /* Sources */ = {
			isa = PBXSourcesBuildPhase;
			buildActionMask = 2147483647;
			files = (
				28AADD2A1BFE5D9500DE19DE /* StarWarsVIITests.swift in Sources */,
			);
			runOnlyForDeploymentPostprocessing = 0;
		};
/* End PBXSourcesBuildPhase section */

/* Begin PBXTargetDependency section */
		28AADD271BFE5D9500DE19DE /* PBXTargetDependency */ = {
			isa = PBXTargetDependency;
			target = 28AADD0E1BFE5D9500DE19DE /* StarWarsVII */;
			targetProxy = 28AADD261BFE5D9500DE19DE /* PBXContainerItemProxy */;
		};
/* End PBXTargetDependency section */

/* Begin PBXVariantGroup section */
		28AADD1D1BFE5D9500DE19DE /* LaunchScreen.storyboard */ = {
			isa = PBXVariantGroup;
			children = (
				28AADD1E1BFE5D9500DE19DE /* Base */,
			);
			name = LaunchScreen.storyboard;
			sourceTree = "<group>";
		};
/* End PBXVariantGroup section */

/* Begin XCBuildConfiguration section */
		28AADD2C1BFE5D9500DE19DE /* Debug */ = {
			isa = XCBuildConfiguration;
			buildSettings = {
				ALWAYS_SEARCH_USER_PATHS = NO;
				CLANG_CXX_LANGUAGE_STANDARD = "gnu++0x";
				CLANG_CXX_LIBRARY = "libc++";
				CLANG_ENABLE_MODULES = YES;
				CLANG_ENABLE_OBJC_ARC = YES;
				CLANG_WARN_BOOL_CONVERSION = YES;
				CLANG_WARN_CONSTANT_CONVERSION = YES;
				CLANG_WARN_DIRECT_OBJC_ISA_USAGE = YES_ERROR;
				CLANG_WARN_EMPTY_BODY = YES;
				CLANG_WARN_ENUM_CONVERSION = YES;
				CLANG_WARN_INT_CONVERSION = YES;
				CLANG_WARN_OBJC_ROOT_CLASS = YES_ERROR;
				CLANG_WARN_UNREACHABLE_CODE = YES;
				CLANG_WARN__DUPLICATE_METHOD_MATCH = YES;
				"CODE_SIGN_IDENTITY[sdk=iphoneos*]" = "iPhone Developer";
				COPY_PHASE_STRIP = NO;
				DEBUG_INFORMATION_FORMAT = dwarf;
				ENABLE_STRICT_OBJC_MSGSEND = YES;
				ENABLE_TESTABILITY = YES;
				GCC_C_LANGUAGE_STANDARD = gnu99;
				GCC_DYNAMIC_NO_PIC = NO;
				GCC_NO_COMMON_BLOCKS = YES;
				GCC_OPTIMIZATION_LEVEL = 0;
				GCC_PREPROCESSOR_DEFINITIONS = (
					"DEBUG=1",
					"$(inherited)",
				);
				GCC_WARN_64_TO_32_BIT_CONVERSION = YES;
				GCC_WARN_ABOUT_RETURN_TYPE = YES_ERROR;
				GCC_WARN_UNDECLARED_SELECTOR = YES;
				GCC_WARN_UNINITIALIZED_AUTOS = YES_AGGRESSIVE;
				GCC_WARN_UNUSED_FUNCTION = YES;
				GCC_WARN_UNUSED_VARIABLE = YES;
				IPHONEOS_DEPLOYMENT_TARGET = 9.1;
				MTL_ENABLE_DEBUG_INFO = YES;
				ONLY_ACTIVE_ARCH = YES;
				SDKROOT = iphoneos;
				SWIFT_OPTIMIZATION_LEVEL = "-Onone";
			};
			name = Debug;
		};
		28AADD2D1BFE5D9500DE19DE /* Release */ = {
			isa = XCBuildConfiguration;
			buildSettings = {
				ALWAYS_SEARCH_USER_PATHS = NO;
				CLANG_CXX_LANGUAGE_STANDARD = "gnu++0x";
				CLANG_CXX_LIBRARY = "libc++";
				CLANG_ENABLE_MODULES = YES;
				CLANG_ENABLE_OBJC_ARC = YES;
				CLANG_WARN_BOOL_CONVERSION = YES;
				CLANG_WARN_CONSTANT_CONVERSION = YES;
				CLANG_WARN_DIRECT_OBJC_ISA_USAGE = YES_ERROR;
				CLANG_WARN_EMPTY_BODY = YES;
				CLANG_WARN_ENUM_CONVERSION = YES;
				CLANG_WARN_INT_CONVERSION = YES;
				CLANG_WARN_OBJC_ROOT_CLASS = YES_ERROR;
				CLANG_WARN_UNREACHABLE_CODE = YES;
				CLANG_WARN__DUPLICATE_METHOD_MATCH = YES;
				"CODE_SIGN_IDENTITY[sdk=iphoneos*]" = "iPhone Developer";
				COPY_PHASE_STRIP = NO;
				DEBUG_INFORMATION_FORMAT = "dwarf-with-dsym";
				ENABLE_NS_ASSERTIONS = NO;
				ENABLE_STRICT_OBJC_MSGSEND = YES;
				GCC_C_LANGUAGE_STANDARD = gnu99;
				GCC_NO_COMMON_BLOCKS = YES;
				GCC_WARN_64_TO_32_BIT_CONVERSION = YES;
				GCC_WARN_ABOUT_RETURN_TYPE = YES_ERROR;
				GCC_WARN_UNDECLARED_SELECTOR = YES;
				GCC_WARN_UNINITIALIZED_AUTOS = YES_AGGRESSIVE;
				GCC_WARN_UNUSED_FUNCTION = YES;
				GCC_WARN_UNUSED_VARIABLE = YES;
				IPHONEOS_DEPLOYMENT_TARGET = 9.1;
				MTL_ENABLE_DEBUG_INFO = NO;
				SDKROOT = iphoneos;
				VALIDATE_PRODUCT = YES;
			};
			name = Release;
		};
		28AADD2F1BFE5D9500DE19DE /* Debug */ = {
			isa = XCBuildConfiguration;
			buildSettings = {
				ASSETCATALOG_COMPILER_APPICON_NAME = AppIcon;
				INFOPLIST_FILE = StarWarsVII/Info.plist;
				LD_RUNPATH_SEARCH_PATHS = "$(inherited) @executable_path/Frameworks";
				PRODUCT_BUNDLE_IDENTIFIER = io.KeepCoding.rgs.StarWarsVII;
				PRODUCT_NAME = "$(TARGET_NAME)";
			};
			name = Debug;
		};
		28AADD301BFE5D9500DE19DE /* Release */ = {
			isa = XCBuildConfiguration;
			buildSettings = {
				ASSETCATALOG_COMPILER_APPICON_NAME = AppIcon;
				INFOPLIST_FILE = StarWarsVII/Info.plist;
				LD_RUNPATH_SEARCH_PATHS = "$(inherited) @executable_path/Frameworks";
				PRODUCT_BUNDLE_IDENTIFIER = io.KeepCoding.rgs.StarWarsVII;
				PRODUCT_NAME = "$(TARGET_NAME)";
			};
			name = Release;
		};
		28AADD321BFE5D9500DE19DE /* Debug */ = {
			isa = XCBuildConfiguration;
			buildSettings = {
				BUNDLE_LOADER = "$(TEST_HOST)";
				INFOPLIST_FILE = StarWarsVIITests/Info.plist;
				LD_RUNPATH_SEARCH_PATHS = "$(inherited) @executable_path/Frameworks @loader_path/Frameworks";
				PRODUCT_BUNDLE_IDENTIFIER = io.KeepCoding.rgs.StarWarsVIITests;
				PRODUCT_NAME = "$(TARGET_NAME)";
				TEST_HOST = "$(BUILT_PRODUCTS_DIR)/StarWarsVII.app/StarWarsVII";
			};
			name = Debug;
		};
		28AADD331BFE5D9500DE19DE /* Release */ = {
			isa = XCBuildConfiguration;
			buildSettings = {
				BUNDLE_LOADER = "$(TEST_HOST)";
				INFOPLIST_FILE = StarWarsVIITests/Info.plist;
				LD_RUNPATH_SEARCH_PATHS = "$(inherited) @executable_path/Frameworks @loader_path/Frameworks";
				PRODUCT_BUNDLE_IDENTIFIER = io.KeepCoding.rgs.StarWarsVIITests;
				PRODUCT_NAME = "$(TARGET_NAME)";
				TEST_HOST = "$(BUILT_PRODUCTS_DIR)/StarWarsVII.app/StarWarsVII";
			};
			name = Release;
		};
/* End XCBuildConfiguration section */

/* Begin XCConfigurationList section */
		28AADD0A1BFE5D9500DE19DE /* Build configuration list for PBXProject "StarWarsVII" */ = {
			isa = XCConfigurationList;
			buildConfigurations = (
				28AADD2C1BFE5D9500DE19DE /* Debug */,
				28AADD2D1BFE5D9500DE19DE /* Release */,
			);
			defaultConfigurationIsVisible = 0;
			defaultConfigurationName = Release;
		};
		28AADD2E1BFE5D9500DE19DE /* Build configuration list for PBXNativeTarget "StarWarsVII" */ = {
			isa = XCConfigurationList;
			buildConfigurations = (
				28AADD2F1BFE5D9500DE19DE /* Debug */,
				28AADD301BFE5D9500DE19DE /* Release */,
			);
			defaultConfigurationIsVisible = 0;
			defaultConfigurationName = Release;
		};
		28AADD311BFE5D9500DE19DE /* Build configuration list for PBXNativeTarget "StarWarsVIITests" */ = {
			isa = XCConfigurationList;
			buildConfigurations = (
				28AADD321BFE5D9500DE19DE /* Debug */,
				28AADD331BFE5D9500DE19DE /* Release */,
			);
			defaultConfigurationIsVisible = 0;
			defaultConfigurationName = Release;
		};
/* End XCConfigurationList section */
	};
	rootObject = 28AADD071BFE5D9500DE19DE /* Project object */;
}
